
Microsoft Visual Studio Solution File, Format Version 12.00
# Visual Studio Version 17
VisualStudioVersion = 17.8.34330.188
MinimumVisualStudioVersion = 10.0.40219.1
Project("{9A19103F-16F7-4668-BE54-9A1E7A4F7556}") = "LibraryRepository", "LibraryRepository\LibraryRepository.csproj", "{328772E6-2077-4530-9015-70E421F2D23E}"
EndProject
Project("{9A19103F-16F7-4668-BE54-9A1E7A4F7556}") = "LibraryLogic", "LibraryLogic\LibraryLogic.csproj", "{371F3668-E398-4D8E-9129-1144A0C66A8F}"
EndProject
Project("{FAE04EC0-301F-11D3-BF4B-00C04F79EFBC}") = "LibraryGUI", "LibraryGUI\LibraryGUI.csproj", "{FA67CF53-70F0-4316-A100-A434F9A1A361}"
EndProject
Global
	GlobalSection(SolutionConfigurationPlatforms) = preSolution
		Debug|Any CPU = Debug|Any CPU
		Release|Any CPU = Release|Any CPU
	EndGlobalSection
	GlobalSection(ProjectConfigurationPlatforms) = postSolution
		{328772E6-2077-4530-9015-70E421F2D23E}.Debug|Any CPU.ActiveCfg = Debug|Any CPU
		{328772E6-2077-4530-9015-70E421F2D23E}.Debug|Any CPU.Build.0 = Debug|Any CPU
		{328772E6-2077-4530-9015-70E421F2D23E}.Release|Any CPU.ActiveCfg = Release|Any CPU
		{328772E6-2077-4530-9015-70E421F2D23E}.Release|Any CPU.Build.0 = Release|Any CPU
		{371F3668-E398-4D8E-9129-1144A0C66A8F}.Debug|Any CPU.ActiveCfg = Debug|Any CPU
		{371F3668-E398-4D8E-9129-1144A0C66A8F}.Debug|Any CPU.Build.0 = Debug|Any CPU
		{371F3668-E398-4D8E-9129-1144A0C66A8F}.Release|Any CPU.ActiveCfg = Release|Any CPU
		{371F3668-E398-4D8E-9129-1144A0C66A8F}.Release|Any CPU.Build.0 = Release|Any CPU
		{FA67CF53-70F0-4316-A100-A434F9A1A361}.Debug|Any CPU.ActiveCfg = Debug|Any CPU
		{FA67CF53-70F0-4316-A100-A434F9A1A361}.Debug|Any CPU.Build.0 = Debug|Any CPU
		{FA67CF53-70F0-4316-A100-A434F9A1A361}.Release|Any CPU.ActiveCfg = Release|Any CPU
		{FA67CF53-70F0-4316-A100-A434F9A1A361}.Release|Any CPU.Build.0 = Release|Any CPU
	EndGlobalSection
	GlobalSection(SolutionProperties) = preSolution
		HideSolutionNode = FALSE
	EndGlobalSection
	GlobalSection(ExtensibilityGlobals) = postSolution
		SolutionGuid = {BF532993-EF79-499B-88F6-1817230E873B}
	EndGlobalSection
EndGlobal
